
Microsoft Visual Studio Solution File, Format Version 12.00
# Visual Studio Version 17
VisualStudioVersion = 17.9.34714.143
MinimumVisualStudioVersion = 10.0.40219.1
Project("{FAE04EC0-301F-11D3-BF4B-00C04F79EFBC}") = "teacherCamilaCodeDev", "teacherCamilaCodeDev.csproj", "{26646B42-D3EE-4566-B5B6-A302A4152B6A}"
EndProject
Global
	GlobalSection(SolutionConfigurationPlatforms) = preSolution
		Debug|Any CPU = Debug|Any CPU
		Release|Any CPU = Release|Any CPU
	EndGlobalSection
	GlobalSection(ProjectConfigurationPlatforms) = postSolution
		{26646B42-D3EE-4566-B5B6-A302A4152B6A}.Debug|Any CPU.ActiveCfg = Debug|Any CPU
		{26646B42-D3EE-4566-B5B6-A302A4152B6A}.Debug|Any CPU.Build.0 = Debug|Any CPU
		{26646B42-D3EE-4566-B5B6-A302A4152B6A}.Release|Any CPU.ActiveCfg = Release|Any CPU
		{26646B42-D3EE-4566-B5B6-A302A4152B6A}.Release|Any CPU.Build.0 = Release|Any CPU
	EndGlobalSection
	GlobalSection(SolutionProperties) = preSolution
		HideSolutionNode = FALSE
	EndGlobalSection
	GlobalSection(ExtensibilityGlobals) = postSolution
		SolutionGuid = {5EE454F9-DEEA-4909-A69D-48EE5195B059}
	EndGlobalSection
EndGlobal
